
Microsoft Visual Studio Solution File, Format Version 12.00
Project("{FAE04EC0-301F-11D3-BF4B-00C04F79EFBC}") = "TestShop.WebApi", "TestShop.WebApi\TestShop.WebApi.csproj", "{A9010348-4D03-45C1-A08B-A312AA74C1BE}"
EndProject
Project("{FAE04EC0-301F-11D3-BF4B-00C04F79EFBC}") = "TestShop.Domain", "TestShop.Domain\TestShop.Domain.csproj", "{732420DE-187F-4A13-999F-EE8B74A32912}"
EndProject
Project("{FAE04EC0-301F-11D3-BF4B-00C04F79EFBC}") = "TestShop.Application", "TestShop.Application\TestShop.Application.csproj", "{0EDDB119-7E20-46E1-8E13-9F5B155918F4}"
EndProject
Project("{FAE04EC0-301F-11D3-BF4B-00C04F79EFBC}") = "TestShop.Infrastructure", "TestShop.Infrastructure\TestShop.Infrastructure.csproj", "{2224391C-381B-47C3-8317-32FE9DD9836F}"
EndProject
Project("{FAE04EC0-301F-11D3-BF4B-00C04F79EFBC}") = "TestShop.Shared", "TestShop.Shared\TestShop.Shared.csproj", "{51CD0243-4731-4EF0-84BE-4C20C3647794}"
EndProject
Global
	GlobalSection(SolutionConfigurationPlatforms) = preSolution
		Debug|Any CPU = Debug|Any CPU
		Release|Any CPU = Release|Any CPU
	EndGlobalSection
	GlobalSection(ProjectConfigurationPlatforms) = postSolution
		{A9010348-4D03-45C1-A08B-A312AA74C1BE}.Debug|Any CPU.ActiveCfg = Debug|Any CPU
		{A9010348-4D03-45C1-A08B-A312AA74C1BE}.Debug|Any CPU.Build.0 = Debug|Any CPU
		{A9010348-4D03-45C1-A08B-A312AA74C1BE}.Release|Any CPU.ActiveCfg = Release|Any CPU
		{A9010348-4D03-45C1-A08B-A312AA74C1BE}.Release|Any CPU.Build.0 = Release|Any CPU
		{732420DE-187F-4A13-999F-EE8B74A32912}.Debug|Any CPU.ActiveCfg = Debug|Any CPU
		{732420DE-187F-4A13-999F-EE8B74A32912}.Debug|Any CPU.Build.0 = Debug|Any CPU
		{732420DE-187F-4A13-999F-EE8B74A32912}.Release|Any CPU.ActiveCfg = Release|Any CPU
		{732420DE-187F-4A13-999F-EE8B74A32912}.Release|Any CPU.Build.0 = Release|Any CPU
		{0EDDB119-7E20-46E1-8E13-9F5B155918F4}.Debug|Any CPU.ActiveCfg = Debug|Any CPU
		{0EDDB119-7E20-46E1-8E13-9F5B155918F4}.Debug|Any CPU.Build.0 = Debug|Any CPU
		{0EDDB119-7E20-46E1-8E13-9F5B155918F4}.Release|Any CPU.ActiveCfg = Release|Any CPU
		{0EDDB119-7E20-46E1-8E13-9F5B155918F4}.Release|Any CPU.Build.0 = Release|Any CPU
		{2224391C-381B-47C3-8317-32FE9DD9836F}.Debug|Any CPU.ActiveCfg = Debug|Any CPU
		{2224391C-381B-47C3-8317-32FE9DD9836F}.Debug|Any CPU.Build.0 = Debug|Any CPU
		{2224391C-381B-47C3-8317-32FE9DD9836F}.Release|Any CPU.ActiveCfg = Release|Any CPU
		{2224391C-381B-47C3-8317-32FE9DD9836F}.Release|Any CPU.Build.0 = Release|Any CPU
		{51CD0243-4731-4EF0-84BE-4C20C3647794}.Debug|Any CPU.ActiveCfg = Debug|Any CPU
		{51CD0243-4731-4EF0-84BE-4C20C3647794}.Debug|Any CPU.Build.0 = Debug|Any CPU
		{51CD0243-4731-4EF0-84BE-4C20C3647794}.Release|Any CPU.ActiveCfg = Release|Any CPU
		{51CD0243-4731-4EF0-84BE-4C20C3647794}.Release|Any CPU.Build.0 = Release|Any CPU
	EndGlobalSection
EndGlobal
